{
  "name": "user",
  "version": "1.0.0",
  "lockfileVersion": 1,
  "requires": true,
  "dependencies": {
    "@rauschma/stringio": {
      "version": "1.4.0",
      "resolved": "https://registry.npmjs.org/@rauschma/stringio/-/stringio-1.4.0.tgz",
      "integrity": "sha512-3uor2f/MXZkmX5RJf8r+OC3WvZVzpSme0yyL0rQDPEnatE02qRcqwEwnsgpgriEck0S/n4vWtUd6tTtrJwk45Q==",
      "dev": true,
      "requires": {
        "@types/node": "^10.0.3"
      },
      "dependencies": {
        "@types/node": {
          "version": "10.17.60",
          "resolved": "https://registry.npmjs.org/@types/node/-/node-10.17.60.tgz",
          "integrity": "sha512-F0KIgDJfy2nA3zMLmWGKxcH2ZVEtCZXHHdOQs2gSaQ27+lNeEfGxzkIw90aXswATX7AZ33tahPbzy6KAfUreVw==",
          "dev": true
        }
      }
    },
    "@types/node": {
      "version": "20.1.7",
      "resolved": "https://registry.npmjs.org/@types/node/-/node-20.1.7.tgz",
      "integrity": "sha512-WCuw/o4GSwDGMoonES8rcvwsig77dGCMbZDrZr2x4ZZiNW4P/gcoZXe/0twgtobcTkmg9TuKflxYL/DuwDyJzg==",
      "dev": true
    },
    "node-ts": {
      "version": "6.0.0",
      "resolved": "https://registry.npmjs.org/node-ts/-/node-ts-6.0.0.tgz",
      "integrity": "sha512-O388zUv5Ru0l5NrqGz8FwXNwZ+qcJtcwnn1WcZZMy0Y+PqYTYJJO+zqGO0SVM7iYiARaOlDrSoxYTVjqBpN7AQ==",
      "dev": true,
      "requires": {
        "@rauschma/stringio": "^1.4.0",
        "@types/node": "^18.15.12"
      },
      "dependencies": {
        "@types/node": {
          "version": "18.16.12",
          "resolved": "https://registry.npmjs.org/@types/node/-/node-18.16.12.tgz",
          "integrity": "sha512-tIRrjbY9C277MOfP8M3zjMIhtMlUJ6YVqkGgLjz+74jVsdf4/UjC6Hku4+1N0BS0qyC0JAS6tJLUk9H6JUKviQ==",
          "dev": true
        }
      }
    },
    "typescript": {
      "version": "5.0.4",
      "resolved": "https://registry.npmjs.org/typescript/-/typescript-5.0.4.tgz",
      "integrity": "sha512-cW9T5W9xY37cc+jfEnaUvX91foxtHkza3Nw3wkoF4sSlKn0MONdkdEndig/qPBWXNkmplh3NzayQzCiHM4/hqw==",
      "dev": true
    }
  }
}
